
Microsoft Visual Studio Solution File, Format Version 12.00
# Visual Studio Version 16
VisualStudioVersion = 16.0.32106.194
MinimumVisualStudioVersion = 10.0.40219.1
Project("{FAE04EC0-301F-11D3-BF4B-00C04F79EFBC}") = "OrionTekTestALG", "OrionTekTestALG\OrionTekTestALG\OrionTekTestALG.csproj", "{BE63E459-7F33-4E92-983D-77ECA0BB4ADA}"
EndProject
Project("{FAE04EC0-301F-11D3-BF4B-00C04F79EFBC}") = "OrionTekTestALG.Android", "OrionTekTestALG\OrionTekTestALG.Android\OrionTekTestALG.Android.csproj", "{A28EAAD4-29BE-425E-B777-801667117656}"
EndProject
Project("{FAE04EC0-301F-11D3-BF4B-00C04F79EFBC}") = "OrionTekTestALG.iOS", "OrionTekTestALG\OrionTekTestALG.iOS\OrionTekTestALG.iOS.csproj", "{9A40F6B7-58D1-4FAD-991A-A10F42957852}"
EndProject
Global
	GlobalSection(SolutionConfigurationPlatforms) = preSolution
		Ad-Hoc|Any CPU = Ad-Hoc|Any CPU
		Ad-Hoc|iPhone = Ad-Hoc|iPhone
		Ad-Hoc|iPhoneSimulator = Ad-Hoc|iPhoneSimulator
		AppStore|Any CPU = AppStore|Any CPU
		AppStore|iPhone = AppStore|iPhone
		AppStore|iPhoneSimulator = AppStore|iPhoneSimulator
		Debug|Any CPU = Debug|Any CPU
		Debug|iPhone = Debug|iPhone
		Debug|iPhoneSimulator = Debug|iPhoneSimulator
		Release|Any CPU = Release|Any CPU
		Release|iPhone = Release|iPhone
		Release|iPhoneSimulator = Release|iPhoneSimulator
	EndGlobalSection
	GlobalSection(ProjectConfigurationPlatforms) = postSolution
		{BE63E459-7F33-4E92-983D-77ECA0BB4ADA}.Ad-Hoc|Any CPU.ActiveCfg = Debug|Any CPU
		{BE63E459-7F33-4E92-983D-77ECA0BB4ADA}.Ad-Hoc|Any CPU.Build.0 = Debug|Any CPU
		{BE63E459-7F33-4E92-983D-77ECA0BB4ADA}.Ad-Hoc|iPhone.ActiveCfg = Debug|Any CPU
		{BE63E459-7F33-4E92-983D-77ECA0BB4ADA}.Ad-Hoc|iPhone.Build.0 = Debug|Any CPU
		{BE63E459-7F33-4E92-983D-77ECA0BB4ADA}.Ad-Hoc|iPhoneSimulator.ActiveCfg = Debug|Any CPU
		{BE63E459-7F33-4E92-983D-77ECA0BB4ADA}.Ad-Hoc|iPhoneSimulator.Build.0 = Debug|Any CPU
		{BE63E459-7F33-4E92-983D-77ECA0BB4ADA}.AppStore|Any CPU.ActiveCfg = Debug|Any CPU
		{BE63E459-7F33-4E92-983D-77ECA0BB4ADA}.AppStore|Any CPU.Build.0 = Debug|Any CPU
		{BE63E459-7F33-4E92-983D-77ECA0BB4ADA}.AppStore|iPhone.ActiveCfg = Debug|Any CPU
		{BE63E459-7F33-4E92-983D-77ECA0BB4ADA}.AppStore|iPhone.Build.0 = Debug|Any CPU
		{BE63E459-7F33-4E92-983D-77ECA0BB4ADA}.AppStore|iPhoneSimulator.ActiveCfg = Debug|Any CPU
		{BE63E459-7F33-4E92-983D-77ECA0BB4ADA}.AppStore|iPhoneSimulator.Build.0 = Debug|Any CPU
		{BE63E459-7F33-4E92-983D-77ECA0BB4ADA}.Debug|Any CPU.ActiveCfg = Debug|Any CPU
		{BE63E459-7F33-4E92-983D-77ECA0BB4ADA}.Debug|Any CPU.Build.0 = Debug|Any CPU
		{BE63E459-7F33-4E92-983D-77ECA0BB4ADA}.Debug|iPhone.ActiveCfg = Debug|Any CPU
		{BE63E459-7F33-4E92-983D-77ECA0BB4ADA}.Debug|iPhone.Build.0 = Debug|Any CPU
		{BE63E459-7F33-4E92-983D-77ECA0BB4ADA}.Debug|iPhoneSimulator.ActiveCfg = Debug|Any CPU
		{BE63E459-7F33-4E92-983D-77ECA0BB4ADA}.Debug|iPhoneSimulator.Build.0 = Debug|Any CPU
		{BE63E459-7F33-4E92-983D-77ECA0BB4ADA}.Release|Any CPU.ActiveCfg = Release|Any CPU
		{BE63E459-7F33-4E92-983D-77ECA0BB4ADA}.Release|Any CPU.Build.0 = Release|Any CPU
		{BE63E459-7F33-4E92-983D-77ECA0BB4ADA}.Release|iPhone.ActiveCfg = Release|Any CPU
		{BE63E459-7F33-4E92-983D-77ECA0BB4ADA}.Release|iPhone.Build.0 = Release|Any CPU
		{BE63E459-7F33-4E92-983D-77ECA0BB4ADA}.Release|iPhoneSimulator.ActiveCfg = Release|Any CPU
		{BE63E459-7F33-4E92-983D-77ECA0BB4ADA}.Release|iPhoneSimulator.Build.0 = Release|Any CPU
		{A28EAAD4-29BE-425E-B777-801667117656}.Ad-Hoc|Any CPU.ActiveCfg = Debug|Any CPU
		{A28EAAD4-29BE-425E-B777-801667117656}.Ad-Hoc|Any CPU.Build.0 = Debug|Any CPU
		{A28EAAD4-29BE-425E-B777-801667117656}.Ad-Hoc|Any CPU.Deploy.0 = Debug|Any CPU
		{A28EAAD4-29BE-425E-B777-801667117656}.Ad-Hoc|iPhone.ActiveCfg = Debug|Any CPU
		{A28EAAD4-29BE-425E-B777-801667117656}.Ad-Hoc|iPhone.Build.0 = Debug|Any CPU
		{A28EAAD4-29BE-425E-B777-801667117656}.Ad-Hoc|iPhone.Deploy.0 = Debug|Any CPU
		{A28EAAD4-29BE-425E-B777-801667117656}.Ad-Hoc|iPhoneSimulator.ActiveCfg = Debug|Any CPU
		{A28EAAD4-29BE-425E-B777-801667117656}.Ad-Hoc|iPhoneSimulator.Build.0 = Debug|Any CPU
		{A28EAAD4-29BE-425E-B777-801667117656}.Ad-Hoc|iPhoneSimulator.Deploy.0 = Debug|Any CPU
		{A28EAAD4-29BE-425E-B777-801667117656}.AppStore|Any CPU.ActiveCfg = Debug|Any CPU
		{A28EAAD4-29BE-425E-B777-801667117656}.AppStore|Any CPU.Build.0 = Debug|Any CPU
		{A28EAAD4-29BE-425E-B777-801667117656}.AppStore|Any CPU.Deploy.0 = Debug|Any CPU
		{A28EAAD4-29BE-425E-B777-801667117656}.AppStore|iPhone.ActiveCfg = Debug|Any CPU
		{A28EAAD4-29BE-425E-B777-801667117656}.AppStore|iPhone.Build.0 = Debug|Any CPU
		{A28EAAD4-29BE-425E-B777-801667117656}.AppStore|iPhone.Deploy.0 = Debug|Any CPU
		{A28EAAD4-29BE-425E-B777-801667117656}.AppStore|iPhoneSimulator.ActiveCfg = Debug|Any CPU
		{A28EAAD4-29BE-425E-B777-801667117656}.AppStore|iPhoneSimulator.Build.0 = Debug|Any CPU
		{A28EAAD4-29BE-425E-B777-801667117656}.AppStore|iPhoneSimulator.Deploy.0 = Debug|Any CPU
		{A28EAAD4-29BE-425E-B777-801667117656}.Debug|Any CPU.ActiveCfg = Debug|Any CPU
		{A28EAAD4-29BE-425E-B777-801667117656}.Debug|Any CPU.Build.0 = Debug|Any CPU
		{A28EAAD4-29BE-425E-B777-801667117656}.Debug|Any CPU.Deploy.0 = Debug|Any CPU
		{A28EAAD4-29BE-425E-B777-801667117656}.Debug|iPhone.ActiveCfg = Debug|Any CPU
		{A28EAAD4-29BE-425E-B777-801667117656}.Debug|iPhone.Build.0 = Debug|Any CPU
		{A28EAAD4-29BE-425E-B777-801667117656}.Debug|iPhone.Deploy.0 = Debug|Any CPU
		{A28EAAD4-29BE-425E-B777-801667117656}.Debug|iPhoneSimulator.ActiveCfg = Debug|Any CPU
		{A28EAAD4-29BE-425E-B777-801667117656}.Debug|iPhoneSimulator.Build.0 = Debug|Any CPU
		{A28EAAD4-29BE-425E-B777-801667117656}.Debug|iPhoneSimulator.Deploy.0 = Debug|Any CPU
		{A28EAAD4-29BE-425E-B777-801667117656}.Release|Any CPU.ActiveCfg = Release|Any CPU
		{A28EAAD4-29BE-425E-B777-801667117656}.Release|Any CPU.Build.0 = Release|Any CPU
		{A28EAAD4-29BE-425E-B777-801667117656}.Release|Any CPU.Deploy.0 = Release|Any CPU
		{A28EAAD4-29BE-425E-B777-801667117656}.Release|iPhone.ActiveCfg = Release|Any CPU
		{A28EAAD4-29BE-425E-B777-801667117656}.Release|iPhone.Build.0 = Release|Any CPU
		{A28EAAD4-29BE-425E-B777-801667117656}.Release|iPhone.Deploy.0 = Release|Any CPU
		{A28EAAD4-29BE-425E-B777-801667117656}.Release|iPhoneSimulator.ActiveCfg = Release|Any CPU
		{A28EAAD4-29BE-425E-B777-801667117656}.Release|iPhoneSimulator.Build.0 = Release|Any CPU
		{A28EAAD4-29BE-425E-B777-801667117656}.Release|iPhoneSimulator.Deploy.0 = Release|Any CPU
		{9A40F6B7-58D1-4FAD-991A-A10F42957852}.Ad-Hoc|Any CPU.ActiveCfg = Ad-Hoc|iPhoneSimulator
		{9A40F6B7-58D1-4FAD-991A-A10F42957852}.Ad-Hoc|iPhone.ActiveCfg = Ad-Hoc|iPhone
		{9A40F6B7-58D1-4FAD-991A-A10F42957852}.Ad-Hoc|iPhone.Build.0 = Ad-Hoc|iPhone
		{9A40F6B7-58D1-4FAD-991A-A10F42957852}.Ad-Hoc|iPhoneSimulator.ActiveCfg = Ad-Hoc|iPhoneSimulator
		{9A40F6B7-58D1-4FAD-991A-A10F42957852}.Ad-Hoc|iPhoneSimulator.Build.0 = Ad-Hoc|iPhoneSimulator
		{9A40F6B7-58D1-4FAD-991A-A10F42957852}.AppStore|Any CPU.ActiveCfg = AppStore|iPhoneSimulator
		{9A40F6B7-58D1-4FAD-991A-A10F42957852}.AppStore|iPhone.ActiveCfg = AppStore|iPhone
		{9A40F6B7-58D1-4FAD-991A-A10F42957852}.AppStore|iPhone.Build.0 = AppStore|iPhone
		{9A40F6B7-58D1-4FAD-991A-A10F42957852}.AppStore|iPhoneSimulator.ActiveCfg = AppStore|iPhoneSimulator
		{9A40F6B7-58D1-4FAD-991A-A10F42957852}.AppStore|iPhoneSimulator.Build.0 = AppStore|iPhoneSimulator
		{9A40F6B7-58D1-4FAD-991A-A10F42957852}.Debug|Any CPU.ActiveCfg = Debug|iPhoneSimulator
		{9A40F6B7-58D1-4FAD-991A-A10F42957852}.Debug|iPhone.ActiveCfg = Debug|iPhone
		{9A40F6B7-58D1-4FAD-991A-A10F42957852}.Debug|iPhone.Build.0 = Debug|iPhone
		{9A40F6B7-58D1-4FAD-991A-A10F42957852}.Debug|iPhoneSimulator.ActiveCfg = Debug|iPhoneSimulator
		{9A40F6B7-58D1-4FAD-991A-A10F42957852}.Debug|iPhoneSimulator.Build.0 = Debug|iPhoneSimulator
		{9A40F6B7-58D1-4FAD-991A-A10F42957852}.Release|Any CPU.ActiveCfg = Release|iPhoneSimulator
		{9A40F6B7-58D1-4FAD-991A-A10F42957852}.Release|iPhone.ActiveCfg = Release|iPhone
		{9A40F6B7-58D1-4FAD-991A-A10F42957852}.Release|iPhone.Build.0 = Release|iPhone
		{9A40F6B7-58D1-4FAD-991A-A10F42957852}.Release|iPhoneSimulator.ActiveCfg = Release|iPhoneSimulator
		{9A40F6B7-58D1-4FAD-991A-A10F42957852}.Release|iPhoneSimulator.Build.0 = Release|iPhoneSimulator
	EndGlobalSection
	GlobalSection(SolutionProperties) = preSolution
		HideSolutionNode = FALSE
	EndGlobalSection
	GlobalSection(ExtensibilityGlobals) = postSolution
		SolutionGuid = {EBF1954A-F579-44E0-AC6E-E1DEDF4875EA}
	EndGlobalSection
EndGlobal
